// !$*UTF8*$!
{
	archiveVersion = 1;
	classes = {
	};
	objectVersion = 50;
	objects = {

/* Begin PBXBuildFile section */
		CEFEAB8B2361B1D200FBE689 /* AppDelegate.swift in Sources */ = {isa = PBXBuildFile; fileRef = CEFEAB8A2361B1D200FBE689 /* AppDelegate.swift */; };
		CEFEAB8D2361B1D200FBE689 /* SceneDelegate.swift in Sources */ = {isa = PBXBuildFile; fileRef = CEFEAB8C2361B1D200FBE689 /* SceneDelegate.swift */; };
		CEFEAB8F2361B1D200FBE689 /* ViewController.swift in Sources */ = {isa = PBXBuildFile; fileRef = CEFEAB8E2361B1D200FBE689 /* ViewController.swift */; };
		CEFEAB922361B1D200FBE689 /* Main.storyboard in Resources */ = {isa = PBXBuildFile; fileRef = CEFEAB902361B1D200FBE689 /* Main.storyboard */; };
		CEFEAB942361B1D300FBE689 /* Assets.xcassets in Resources */ = {isa = PBXBuildFile; fileRef = CEFEAB932361B1D300FBE689 /* Assets.xcassets */; };
		CEFEAB972361B1D300FBE689 /* LaunchScreen.storyboard in Resources */ = {isa = PBXBuildFile; fileRef = CEFEAB952361B1D300FBE689 /* LaunchScreen.storyboard */; };
/* End PBXBuildFile section */

/* Begin PBXFileReference section */
		CEFEAB872361B1D200FBE689 /* AboutLionApp.app */ = {isa = PBXFileReference; explicitFileType = wrapper.application; includeInIndex = 0; path = AboutLionApp.app; sourceTree = BUILT_PRODUCTS_DIR; };
		CEFEAB8A2361B1D200FBE689 /* AppDelegate.swift */ = {isa = PBXFileReference; lastKnownFileType = sourcecode.swift; path = AppDelegate.swift; sourceTree = "<group>"; };
		CEFEAB8C2361B1D200FBE689 /* SceneDelegate.swift */ = {isa = PBXFileReference; lastKnownFileType = sourcecode.swift; path = SceneDelegate.swift; sourceTree = "<group>"; };
		CEFEAB8E2361B1D200FBE689 /* ViewController.swift */ = {isa = PBXFileReference; lastKnownFileType = sourcecode.swift; path = ViewController.swift; sourceTree = "<group>"; };
		CEFEAB912361B1D200FBE689 /* Base */ = {isa = PBXFileReference; lastKnownFileType = file.storyboard; name = Base; path = Base.lproj/Main.storyboard; sourceTree = "<group>"; };
		CEFEAB932361B1D300FBE689 /* Assets.xcassets */ = {isa = PBXFileReference; lastKnownFileType = folder.assetcatalog; path = Assets.xcassets; sourceTree = "<group>"; };
		CEFEAB962361B1D300FBE689 /* Base */ = {isa = PBXFileReference; lastKnownFileType = file.storyboard; name = Base; path = Base.lproj/LaunchScreen.storyboard; sourceTree = "<group>"; };
		CEFEAB982361B1D300FBE689 /* Info.plist */ = {isa = PBXFileReference; lastKnownFileType = text.plist.xml; path = Info.plist; sourceTree = "<group>"; };
/* End PBXFileReference section */

/* Begin PBXFrameworksBuildPhase section */
		CEFEAB842361B1D200FBE689 /* Frameworks */ = {
			isa = PBXFrameworksBuildPhase;
			buildActionMask = 2147483647;
			files = (
			);
			runOnlyForDeploymentPostprocessing = 0;
		};
/* End PBXFrameworksBuildPhase section */

/* Begin PBXGroup section */
		CEFEAB7E2361B1D200FBE689 = {
			isa = PBXGroup;
			children = (
				CEFEAB892361B1D200FBE689 /* AboutLionApp */,
				CEFEAB882361B1D200FBE689 /* Products */,
			);
			sourceTree = "<group>";
		};
		CEFEAB882361B1D200FBE689 /* Products */ = {
			isa = PBXGroup;
			children = (
				CEFEAB872361B1D200FBE689 /* AboutLionApp.app */,
			);
			name = Products;
			sourceTree = "<group>";
		};
		CEFEAB892361B1D200FBE689 /* AboutLionApp */ = {
			isa = PBXGroup;
			children = (
				CEFEAB8A2361B1D200FBE689 /* AppDelegate.swift */,
				CEFEAB8C2361B1D200FBE689 /* SceneDelegate.swift */,
				CEFEAB8E2361B1D200FBE689 /* ViewController.swift */,
				CEFEAB902361B1D200FBE689 /* Main.storyboard */,
				CEFEAB932361B1D300FBE689 /* Assets.xcassets */,
				CEFEAB952361B1D300FBE689 /* LaunchScreen.storyboard */,
				CEFEAB982361B1D300FBE689 /* Info.plist */,
			);
			path = AboutLionApp;
			sourceTree = "<group>";
		};
/* End PBXGroup section */

/* Begin PBXNativeTarget section */
		CEFEAB862361B1D200FBE689 /* AboutLionApp */ = {
			isa = PBXNativeTarget;
			buildConfigurationList = CEFEAB9B2361B1D300FBE689 /* Build configuration list for PBXNativeTarget "AboutLionApp" */;
			buildPhases = (
				CEFEAB832361B1D200FBE689 /* Sources */,
				CEFEAB842361B1D200FBE689 /* Frameworks */,
				CEFEAB852361B1D200FBE689 /* Resources */,
			);
			buildRules = (
			);
			dependencies = (
			);
			name = AboutLionApp;
			productName = AboutLionApp;
			productReference = CEFEAB872361B1D200FBE689 /* AboutLionApp.app */;
			productType = "com.apple.product-type.application";
		};
/* End PBXNativeTarget section */

/* Begin PBXProject section */
		CEFEAB7F2361B1D200FBE689 /* Project object */ = {
			isa = PBXProject;
			attributes = {
				LastSwiftUpdateCheck = 1110;
				LastUpgradeCheck = 1110;
				ORGANIZATIONNAME = MyCompany;
				TargetAttributes = {
					CEFEAB862361B1D200FBE689 = {
						CreatedOnToolsVersion = 11.1;
					};
				};
			};
			buildConfigurationList = CEFEAB822361B1D200FBE689 /* Build configuration list for PBXProject "AboutLionApp" */;
			compatibilityVersion = "Xcode 9.3";
			developmentRegion = en;
			hasScannedForEncodings = 0;
			knownRegions = (
				en,
				Base,
			);
			mainGroup = CEFEAB7E2361B1D200FBE689;
			productRefGroup = CEFEAB882361B1D200FBE689 /* Products */;
			projectDirPath = "";
			projectRoot = "";
			targets = (
				CEFEAB862361B1D200FBE689 /* AboutLionApp */,
			);
		};
/* End PBXProject section */

/* Begin PBXResourcesBuildPhase section */
		CEFEAB852361B1D200FBE689 /* Resources */ = {
			isa = PBXResourcesBuildPhase;
			buildActionMask = 2147483647;
			files = (
				CEFEAB972361B1D300FBE689 /* LaunchScreen.storyboard in Resources */,
				CEFEAB942361B1D300FBE689 /* Assets.xcassets in Resources */,
				CEFEAB922361B1D200FBE689 /* Main.storyboard in Resources */,
			);
			runOnlyForDeploymentPostprocessing = 0;
		};
/* End PBXResourcesBuildPhase section */

/* Begin PBXSourcesBuildPhase section */
		CEFEAB832361B1D200FBE689 /* Sources */ = {
			isa = PBXSourcesBuildPhase;
			buildActionMask = 2147483647;
			files = (
				CEFEAB8F2361B1D200FBE689 /* ViewController.swift in Sources */,
				CEFEAB8B2361B1D200FBE689 /* AppDelegate.swift in Sources */,
				CEFEAB8D2361B1D200FBE689 /* SceneDelegate.swift in Sources */,
			);
			runOnlyForDeploymentPostprocessing = 0;
		};
/* End PBXSourcesBuildPhase section */

/* Begin PBXVariantGroup section */
		CEFEAB902361B1D200FBE689 /* Main.storyboard */ = {
			isa = PBXVariantGroup;
			children = (
				CEFEAB912361B1D200FBE689 /* Base */,
			);
			name = Main.storyboard;
			sourceTree = "<group>";
		};
		CEFEAB952361B1D300FBE689 /* LaunchScreen.storyboard */ = {
			isa = PBXVariantGroup;
			children = (
				CEFEAB962361B1D300FBE689 /* Base */,
			);
			name = LaunchScreen.storyboard;
			sourceTree = "<group>";
		};
/* End PBXVariantGroup section */

/* Begin XCBuildConfiguration section */
		CEFEAB992361B1D300FBE689 /* Debug */ = {
			isa = XCBuildConfiguration;
			buildSettings = {
				ALWAYS_SEARCH_USER_PATHS = NO;
				CLANG_ANALYZER_NONNULL = YES;
				CLANG_ANALYZER_NUMBER_OBJECT_CONVERSION = YES_AGGRESSIVE;
				CLANG_CXX_LANGUAGE_STANDARD = "gnu++14";
				CLANG_CXX_LIBRARY = "libc++";
				CLANG_ENABLE_MODULES = YES;
				CLANG_ENABLE_OBJC_ARC = YES;
				CLANG_ENABLE_OBJC_WEAK = YES;
				CLANG_WARN_BLOCK_CAPTURE_AUTORELEASING = YES;
				CLANG_WARN_BOOL_CONVERSION = YES;
				CLANG_WARN_COMMA = YES;
				CLANG_WARN_CONSTANT_CONVERSION = YES;
				CLANG_WARN_DEPRECATED_OBJC_IMPLEMENTATIONS = YES;
				CLANG_WARN_DIRECT_OBJC_ISA_USAGE = YES_ERROR;
				CLANG_WARN_DOCUMENTATION_COMMENTS = YES;
				CLANG_WARN_EMPTY_BODY = YES;
				CLANG_WARN_ENUM_CONVERSION = YES;
				CLANG_WARN_INFINITE_RECURSION = YES;
				CLANG_WARN_INT_CONVERSION = YES;
				CLANG_WARN_NON_LITERAL_NULL_CONVERSION = YES;
				CLANG_WARN_OBJC_IMPLICIT_RETAIN_SELF = YES;
				CLANG_WARN_OBJC_LITERAL_CONVERSION = YES;
				CLANG_WARN_OBJC_ROOT_CLASS = YES_ERROR;
				CLANG_WARN_RANGE_LOOP_ANALYSIS = YES;
				CLANG_WARN_STRICT_PROTOTYPES = YES;
				CLANG_WARN_SUSPICIOUS_MOVE = YES;
				CLANG_WARN_UNGUARDED_AVAILABILITY = YES_AGGRESSIVE;
				CLANG_WARN_UNREACHABLE_CODE = YES;
				CLANG_WARN__DUPLICATE_METHOD_MATCH = YES;
				COPY_PHASE_STRIP = NO;
				DEBUG_INFORMATION_FORMAT = dwarf;
				ENABLE_STRICT_OBJC_MSGSEND = YES;
				ENABLE_TESTABILITY = YES;
				GCC_C_LANGUAGE_STANDARD = gnu11;
				GCC_DYNAMIC_NO_PIC = NO;
				GCC_NO_COMMON_BLOCKS = YES;
				GCC_OPTIMIZATION_LEVEL = 0;
				GCC_PREPROCESSOR_DEFINITIONS = (
					"DEBUG=1",
					"$(inherited)",
				);
				GCC_WARN_64_TO_32_BIT_CONVERSION = YES;
				GCC_WARN_ABOUT_RETURN_TYPE = YES_ERROR;
				GCC_WARN_UNDECLARED_SELECTOR = YES;
				GCC_WARN_UNINITIALIZED_AUTOS = YES_AGGRESSIVE;
				GCC_WARN_UNUSED_FUNCTION = YES;
				GCC_WARN_UNUSED_VARIABLE = YES;
				IPHONEOS_DEPLOYMENT_TARGET = 13.0;
				MTL_ENABLE_DEBUG_INFO = INCLUDE_SOURCE;
				MTL_FAST_MATH = YES;
				ONLY_ACTIVE_ARCH = YES;
				SDKROOT = iphoneos;
				SWIFT_ACTIVE_COMPILATION_CONDITIONS = DEBUG;
				SWIFT_OPTIMIZATION_LEVEL = "-Onone";
			};
			name = Debug;
		};
		CEFEAB9A2361B1D300FBE689 /* Release */ = {
			isa = XCBuildConfiguration;
			buildSettings = {
				ALWAYS_SEARCH_USER_PATHS = NO;
				CLANG_ANALYZER_NONNULL = YES;
				CLANG_ANALYZER_NUMBER_OBJECT_CONVERSION = YES_AGGRESSIVE;
				CLANG_CXX_LANGUAGE_STANDARD = "gnu++14";
				CLANG_CXX_LIBRARY = "libc++";
				CLANG_ENABLE_MODULES = YES;
				CLANG_ENABLE_OBJC_ARC = YES;
				CLANG_ENABLE_OBJC_WEAK = YES;
				CLANG_WARN_BLOCK_CAPTURE_AUTORELEASING = YES;
				CLANG_WARN_BOOL_CONVERSION = YES;
				CLANG_WARN_COMMA = YES;
				CLANG_WARN_CONSTANT_CONVERSION = YES;
				CLANG_WARN_DEPRECATED_OBJC_IMPLEMENTATIONS = YES;
				CLANG_WARN_DIRECT_OBJC_ISA_USAGE = YES_ERROR;
				CLANG_WARN_DOCUMENTATION_COMMENTS = YES;
				CLANG_WARN_EMPTY_BODY = YES;
				CLANG_WARN_ENUM_CONVERSION = YES;
				CLANG_WARN_INFINITE_RECURSION = YES;
				CLANG_WARN_INT_CONVERSION = YES;
				CLANG_WARN_NON_LITERAL_NULL_CONVERSION = YES;
				CLANG_WARN_OBJC_IMPLICIT_RETAIN_SELF = YES;
				CLANG_WARN_OBJC_LITERAL_CONVERSION = YES;
				CLANG_WARN_OBJC_ROOT_CLASS = YES_ERROR;
				CLANG_WARN_RANGE_LOOP_ANALYSIS = YES;
				CLANG_WARN_STRICT_PROTOTYPES = YES;
				CLANG_WARN_SUSPICIOUS_MOVE = YES;
				CLANG_WARN_UNGUARDED_AVAILABILITY = YES_AGGRESSIVE;
				CLANG_WARN_UNREACHABLE_CODE = YES;
				CLANG_WARN__DUPLICATE_METHOD_MATCH = YES;
				COPY_PHASE_STRIP = NO;
				DEBUG_INFORMATION_FORMAT = "dwarf-with-dsym";
				ENABLE_NS_ASSERTIONS = NO;
				ENABLE_STRICT_OBJC_MSGSEND = YES;
				GCC_C_LANGUAGE_STANDARD = gnu11;
				GCC_NO_COMMON_BLOCKS = YES;
				GCC_WARN_64_TO_32_BIT_CONVERSION = YES;
				GCC_WARN_ABOUT_RETURN_TYPE = YES_ERROR;
				GCC_WARN_UNDECLARED_SELECTOR = YES;
				GCC_WARN_UNINITIALIZED_AUTOS = YES_AGGRESSIVE;
				GCC_WARN_UNUSED_FUNCTION = YES;
				GCC_WARN_UNUSED_VARIABLE = YES;
				IPHONEOS_DEPLOYMENT_TARGET = 13.0;
				MTL_ENABLE_DEBUG_INFO = NO;
				MTL_FAST_MATH = YES;
				SDKROOT = iphoneos;
				SWIFT_COMPILATION_MODE = wholemodule;
				SWIFT_OPTIMIZATION_LEVEL = "-O";
				VALIDATE_PRODUCT = YES;
			};
			name = Release;
		};
		CEFEAB9C2361B1D300FBE689 /* Debug */ = {
			isa = XCBuildConfiguration;
			buildSettings = {
				ASSETCATALOG_COMPILER_APPICON_NAME = AppIcon;
				CODE_SIGN_STYLE = Automatic;
				INFOPLIST_FILE = AboutLionApp/Info.plist;
				IPHONEOS_DEPLOYMENT_TARGET = 13.0;
				LD_RUNPATH_SEARCH_PATHS = (
					"$(inherited)",
					"@executable_path/Frameworks",
				);
				PRODUCT_BUNDLE_IDENTIFIER = training.swift.sample.AboutLionApp;
				PRODUCT_NAME = "$(TARGET_NAME)";
				SWIFT_VERSION = 5.0;
				TARGETED_DEVICE_FAMILY = "1,2";
			};
			name = Debug;
		};
		CEFEAB9D2361B1D300FBE689 /* Release */ = {
			isa = XCBuildConfiguration;
			buildSettings = {
				ASSETCATALOG_COMPILER_APPICON_NAME = AppIcon;
				CODE_SIGN_STYLE = Automatic;
				INFOPLIST_FILE = AboutLionApp/Info.plist;
				IPHONEOS_DEPLOYMENT_TARGET = 13.0;
				LD_RUNPATH_SEARCH_PATHS = (
					"$(inherited)",
					"@executable_path/Frameworks",
				);
				PRODUCT_BUNDLE_IDENTIFIER = training.swift.sample.AboutLionApp;
				PRODUCT_NAME = "$(TARGET_NAME)";
				SWIFT_VERSION = 5.0;
				TARGETED_DEVICE_FAMILY = "1,2";
			};
			name = Release;
		};
/* End XCBuildConfiguration section */

/* Begin XCConfigurationList section */
		CEFEAB822361B1D200FBE689 /* Build configuration list for PBXProject "AboutLionApp" */ = {
			isa = XCConfigurationList;
			buildConfigurations = (
				CEFEAB992361B1D300FBE689 /* Debug */,
				CEFEAB9A2361B1D300FBE689 /* Release */,
			);
			defaultConfigurationIsVisible = 0;
			defaultConfigurationName = Release;
		};
		CEFEAB9B2361B1D300FBE689 /* Build configuration list for PBXNativeTarget "AboutLionApp" */ = {
			isa = XCConfigurationList;
			buildConfigurations = (
				CEFEAB9C2361B1D300FBE689 /* Debug */,
				CEFEAB9D2361B1D300FBE689 /* Release */,
			);
			defaultConfigurationIsVisible = 0;
			defaultConfigurationName = Release;
		};
/* End XCConfigurationList section */
	};
	rootObject = CEFEAB7F2361B1D200FBE689 /* Project object */;
}
