// !$*UTF8*$!
{
	archiveVersion = 1;
	classes = {
	};
	objectVersion = 50;
	objects = {

/* Begin PBXBuildFile section */
		CEA3FBCE23F38A0D009F4B17 /* AppDelegate.swift in Sources */ = {isa = PBXBuildFile; fileRef = CEA3FBCD23F38A0D009F4B17 /* AppDelegate.swift */; };
		CEA3FBD023F38A0D009F4B17 /* SceneDelegate.swift in Sources */ = {isa = PBXBuildFile; fileRef = CEA3FBCF23F38A0D009F4B17 /* SceneDelegate.swift */; };
		CEA3FBD223F38A0D009F4B17 /* ViewController.swift in Sources */ = {isa = PBXBuildFile; fileRef = CEA3FBD123F38A0D009F4B17 /* ViewController.swift */; };
		CEA3FBD523F38A0D009F4B17 /* Main.storyboard in Resources */ = {isa = PBXBuildFile; fileRef = CEA3FBD323F38A0D009F4B17 /* Main.storyboard */; };
		CEA3FBD723F38A0E009F4B17 /* Assets.xcassets in Resources */ = {isa = PBXBuildFile; fileRef = CEA3FBD623F38A0E009F4B17 /* Assets.xcassets */; };
		CEA3FBDA23F38A0E009F4B17 /* LaunchScreen.storyboard in Resources */ = {isa = PBXBuildFile; fileRef = CEA3FBD823F38A0E009F4B17 /* LaunchScreen.storyboard */; };
/* End PBXBuildFile section */

/* Begin PBXFileReference section */
		CEA3FBCA23F38A0D009F4B17 /* ShowImageSample.app */ = {isa = PBXFileReference; explicitFileType = wrapper.application; includeInIndex = 0; path = ShowImageSample.app; sourceTree = BUILT_PRODUCTS_DIR; };
		CEA3FBCD23F38A0D009F4B17 /* AppDelegate.swift */ = {isa = PBXFileReference; lastKnownFileType = sourcecode.swift; path = AppDelegate.swift; sourceTree = "<group>"; };
		CEA3FBCF23F38A0D009F4B17 /* SceneDelegate.swift */ = {isa = PBXFileReference; lastKnownFileType = sourcecode.swift; path = SceneDelegate.swift; sourceTree = "<group>"; };
		CEA3FBD123F38A0D009F4B17 /* ViewController.swift */ = {isa = PBXFileReference; lastKnownFileType = sourcecode.swift; path = ViewController.swift; sourceTree = "<group>"; };
		CEA3FBD423F38A0D009F4B17 /* Base */ = {isa = PBXFileReference; lastKnownFileType = file.storyboard; name = Base; path = Base.lproj/Main.storyboard; sourceTree = "<group>"; };
		CEA3FBD623F38A0E009F4B17 /* Assets.xcassets */ = {isa = PBXFileReference; lastKnownFileType = folder.assetcatalog; path = Assets.xcassets; sourceTree = "<group>"; };
		CEA3FBD923F38A0E009F4B17 /* Base */ = {isa = PBXFileReference; lastKnownFileType = file.storyboard; name = Base; path = Base.lproj/LaunchScreen.storyboard; sourceTree = "<group>"; };
		CEA3FBDB23F38A0E009F4B17 /* Info.plist */ = {isa = PBXFileReference; lastKnownFileType = text.plist.xml; path = Info.plist; sourceTree = "<group>"; };
/* End PBXFileReference section */

/* Begin PBXFrameworksBuildPhase section */
		CEA3FBC723F38A0D009F4B17 /* Frameworks */ = {
			isa = PBXFrameworksBuildPhase;
			buildActionMask = 2147483647;
			files = (
			);
			runOnlyForDeploymentPostprocessing = 0;
		};
/* End PBXFrameworksBuildPhase section */

/* Begin PBXGroup section */
		CEA3FBC123F38A0D009F4B17 = {
			isa = PBXGroup;
			children = (
				CEA3FBCC23F38A0D009F4B17 /* ShowImageSample */,
				CEA3FBCB23F38A0D009F4B17 /* Products */,
			);
			sourceTree = "<group>";
		};
		CEA3FBCB23F38A0D009F4B17 /* Products */ = {
			isa = PBXGroup;
			children = (
				CEA3FBCA23F38A0D009F4B17 /* ShowImageSample.app */,
			);
			name = Products;
			sourceTree = "<group>";
		};
		CEA3FBCC23F38A0D009F4B17 /* ShowImageSample */ = {
			isa = PBXGroup;
			children = (
				CEA3FBCD23F38A0D009F4B17 /* AppDelegate.swift */,
				CEA3FBCF23F38A0D009F4B17 /* SceneDelegate.swift */,
				CEA3FBD123F38A0D009F4B17 /* ViewController.swift */,
				CEA3FBD323F38A0D009F4B17 /* Main.storyboard */,
				CEA3FBD623F38A0E009F4B17 /* Assets.xcassets */,
				CEA3FBD823F38A0E009F4B17 /* LaunchScreen.storyboard */,
				CEA3FBDB23F38A0E009F4B17 /* Info.plist */,
			);
			path = ShowImageSample;
			sourceTree = "<group>";
		};
/* End PBXGroup section */

/* Begin PBXNativeTarget section */
		CEA3FBC923F38A0D009F4B17 /* ShowImageSample */ = {
			isa = PBXNativeTarget;
			buildConfigurationList = CEA3FBDE23F38A0E009F4B17 /* Build configuration list for PBXNativeTarget "ShowImageSample" */;
			buildPhases = (
				CEA3FBC623F38A0D009F4B17 /* Sources */,
				CEA3FBC723F38A0D009F4B17 /* Frameworks */,
				CEA3FBC823F38A0D009F4B17 /* Resources */,
			);
			buildRules = (
			);
			dependencies = (
			);
			name = ShowImageSample;
			productName = ShowImageSample;
			productReference = CEA3FBCA23F38A0D009F4B17 /* ShowImageSample.app */;
			productType = "com.apple.product-type.application";
		};
/* End PBXNativeTarget section */

/* Begin PBXProject section */
		CEA3FBC223F38A0D009F4B17 /* Project object */ = {
			isa = PBXProject;
			attributes = {
				LastSwiftUpdateCheck = 1130;
				LastUpgradeCheck = 1130;
				ORGANIZATIONNAME = MyCompany;
				TargetAttributes = {
					CEA3FBC923F38A0D009F4B17 = {
						CreatedOnToolsVersion = 11.3.1;
					};
				};
			};
			buildConfigurationList = CEA3FBC523F38A0D009F4B17 /* Build configuration list for PBXProject "ShowImageSample" */;
			compatibilityVersion = "Xcode 9.3";
			developmentRegion = en;
			hasScannedForEncodings = 0;
			knownRegions = (
				en,
				Base,
			);
			mainGroup = CEA3FBC123F38A0D009F4B17;
			productRefGroup = CEA3FBCB23F38A0D009F4B17 /* Products */;
			projectDirPath = "";
			projectRoot = "";
			targets = (
				CEA3FBC923F38A0D009F4B17 /* ShowImageSample */,
			);
		};
/* End PBXProject section */

/* Begin PBXResourcesBuildPhase section */
		CEA3FBC823F38A0D009F4B17 /* Resources */ = {
			isa = PBXResourcesBuildPhase;
			buildActionMask = 2147483647;
			files = (
				CEA3FBDA23F38A0E009F4B17 /* LaunchScreen.storyboard in Resources */,
				CEA3FBD723F38A0E009F4B17 /* Assets.xcassets in Resources */,
				CEA3FBD523F38A0D009F4B17 /* Main.storyboard in Resources */,
			);
			runOnlyForDeploymentPostprocessing = 0;
		};
/* End PBXResourcesBuildPhase section */

/* Begin PBXSourcesBuildPhase section */
		CEA3FBC623F38A0D009F4B17 /* Sources */ = {
			isa = PBXSourcesBuildPhase;
			buildActionMask = 2147483647;
			files = (
				CEA3FBD223F38A0D009F4B17 /* ViewController.swift in Sources */,
				CEA3FBCE23F38A0D009F4B17 /* AppDelegate.swift in Sources */,
				CEA3FBD023F38A0D009F4B17 /* SceneDelegate.swift in Sources */,
			);
			runOnlyForDeploymentPostprocessing = 0;
		};
/* End PBXSourcesBuildPhase section */

/* Begin PBXVariantGroup section */
		CEA3FBD323F38A0D009F4B17 /* Main.storyboard */ = {
			isa = PBXVariantGroup;
			children = (
				CEA3FBD423F38A0D009F4B17 /* Base */,
			);
			name = Main.storyboard;
			sourceTree = "<group>";
		};
		CEA3FBD823F38A0E009F4B17 /* LaunchScreen.storyboard */ = {
			isa = PBXVariantGroup;
			children = (
				CEA3FBD923F38A0E009F4B17 /* Base */,
			);
			name = LaunchScreen.storyboard;
			sourceTree = "<group>";
		};
/* End PBXVariantGroup section */

/* Begin XCBuildConfiguration section */
		CEA3FBDC23F38A0E009F4B17 /* Debug */ = {
			isa = XCBuildConfiguration;
			buildSettings = {
				ALWAYS_SEARCH_USER_PATHS = NO;
				CLANG_ANALYZER_NONNULL = YES;
				CLANG_ANALYZER_NUMBER_OBJECT_CONVERSION = YES_AGGRESSIVE;
				CLANG_CXX_LANGUAGE_STANDARD = "gnu++14";
				CLANG_CXX_LIBRARY = "libc++";
				CLANG_ENABLE_MODULES = YES;
				CLANG_ENABLE_OBJC_ARC = YES;
				CLANG_ENABLE_OBJC_WEAK = YES;
				CLANG_WARN_BLOCK_CAPTURE_AUTORELEASING = YES;
				CLANG_WARN_BOOL_CONVERSION = YES;
				CLANG_WARN_COMMA = YES;
				CLANG_WARN_CONSTANT_CONVERSION = YES;
				CLANG_WARN_DEPRECATED_OBJC_IMPLEMENTATIONS = YES;
				CLANG_WARN_DIRECT_OBJC_ISA_USAGE = YES_ERROR;
				CLANG_WARN_DOCUMENTATION_COMMENTS = YES;
				CLANG_WARN_EMPTY_BODY = YES;
				CLANG_WARN_ENUM_CONVERSION = YES;
				CLANG_WARN_INFINITE_RECURSION = YES;
				CLANG_WARN_INT_CONVERSION = YES;
				CLANG_WARN_NON_LITERAL_NULL_CONVERSION = YES;
				CLANG_WARN_OBJC_IMPLICIT_RETAIN_SELF = YES;
				CLANG_WARN_OBJC_LITERAL_CONVERSION = YES;
				CLANG_WARN_OBJC_ROOT_CLASS = YES_ERROR;
				CLANG_WARN_RANGE_LOOP_ANALYSIS = YES;
				CLANG_WARN_STRICT_PROTOTYPES = YES;
				CLANG_WARN_SUSPICIOUS_MOVE = YES;
				CLANG_WARN_UNGUARDED_AVAILABILITY = YES_AGGRESSIVE;
				CLANG_WARN_UNREACHABLE_CODE = YES;
				CLANG_WARN__DUPLICATE_METHOD_MATCH = YES;
				COPY_PHASE_STRIP = NO;
				DEBUG_INFORMATION_FORMAT = dwarf;
				ENABLE_STRICT_OBJC_MSGSEND = YES;
				ENABLE_TESTABILITY = YES;
				GCC_C_LANGUAGE_STANDARD = gnu11;
				GCC_DYNAMIC_NO_PIC = NO;
				GCC_NO_COMMON_BLOCKS = YES;
				GCC_OPTIMIZATION_LEVEL = 0;
				GCC_PREPROCESSOR_DEFINITIONS = (
					"DEBUG=1",
					"$(inherited)",
				);
				GCC_WARN_64_TO_32_BIT_CONVERSION = YES;
				GCC_WARN_ABOUT_RETURN_TYPE = YES_ERROR;
				GCC_WARN_UNDECLARED_SELECTOR = YES;
				GCC_WARN_UNINITIALIZED_AUTOS = YES_AGGRESSIVE;
				GCC_WARN_UNUSED_FUNCTION = YES;
				GCC_WARN_UNUSED_VARIABLE = YES;
				IPHONEOS_DEPLOYMENT_TARGET = 13.2;
				MTL_ENABLE_DEBUG_INFO = INCLUDE_SOURCE;
				MTL_FAST_MATH = YES;
				ONLY_ACTIVE_ARCH = YES;
				SDKROOT = iphoneos;
				SWIFT_ACTIVE_COMPILATION_CONDITIONS = DEBUG;
				SWIFT_OPTIMIZATION_LEVEL = "-Onone";
			};
			name = Debug;
		};
		CEA3FBDD23F38A0E009F4B17 /* Release */ = {
			isa = XCBuildConfiguration;
			buildSettings = {
				ALWAYS_SEARCH_USER_PATHS = NO;
				CLANG_ANALYZER_NONNULL = YES;
				CLANG_ANALYZER_NUMBER_OBJECT_CONVERSION = YES_AGGRESSIVE;
				CLANG_CXX_LANGUAGE_STANDARD = "gnu++14";
				CLANG_CXX_LIBRARY = "libc++";
				CLANG_ENABLE_MODULES = YES;
				CLANG_ENABLE_OBJC_ARC = YES;
				CLANG_ENABLE_OBJC_WEAK = YES;
				CLANG_WARN_BLOCK_CAPTURE_AUTORELEASING = YES;
				CLANG_WARN_BOOL_CONVERSION = YES;
				CLANG_WARN_COMMA = YES;
				CLANG_WARN_CONSTANT_CONVERSION = YES;
				CLANG_WARN_DEPRECATED_OBJC_IMPLEMENTATIONS = YES;
				CLANG_WARN_DIRECT_OBJC_ISA_USAGE = YES_ERROR;
				CLANG_WARN_DOCUMENTATION_COMMENTS = YES;
				CLANG_WARN_EMPTY_BODY = YES;
				CLANG_WARN_ENUM_CONVERSION = YES;
				CLANG_WARN_INFINITE_RECURSION = YES;
				CLANG_WARN_INT_CONVERSION = YES;
				CLANG_WARN_NON_LITERAL_NULL_CONVERSION = YES;
				CLANG_WARN_OBJC_IMPLICIT_RETAIN_SELF = YES;
				CLANG_WARN_OBJC_LITERAL_CONVERSION = YES;
				CLANG_WARN_OBJC_ROOT_CLASS = YES_ERROR;
				CLANG_WARN_RANGE_LOOP_ANALYSIS = YES;
				CLANG_WARN_STRICT_PROTOTYPES = YES;
				CLANG_WARN_SUSPICIOUS_MOVE = YES;
				CLANG_WARN_UNGUARDED_AVAILABILITY = YES_AGGRESSIVE;
				CLANG_WARN_UNREACHABLE_CODE = YES;
				CLANG_WARN__DUPLICATE_METHOD_MATCH = YES;
				COPY_PHASE_STRIP = NO;
				DEBUG_INFORMATION_FORMAT = "dwarf-with-dsym";
				ENABLE_NS_ASSERTIONS = NO;
				ENABLE_STRICT_OBJC_MSGSEND = YES;
				GCC_C_LANGUAGE_STANDARD = gnu11;
				GCC_NO_COMMON_BLOCKS = YES;
				GCC_WARN_64_TO_32_BIT_CONVERSION = YES;
				GCC_WARN_ABOUT_RETURN_TYPE = YES_ERROR;
				GCC_WARN_UNDECLARED_SELECTOR = YES;
				GCC_WARN_UNINITIALIZED_AUTOS = YES_AGGRESSIVE;
				GCC_WARN_UNUSED_FUNCTION = YES;
				GCC_WARN_UNUSED_VARIABLE = YES;
				IPHONEOS_DEPLOYMENT_TARGET = 13.2;
				MTL_ENABLE_DEBUG_INFO = NO;
				MTL_FAST_MATH = YES;
				SDKROOT = iphoneos;
				SWIFT_COMPILATION_MODE = wholemodule;
				SWIFT_OPTIMIZATION_LEVEL = "-O";
				VALIDATE_PRODUCT = YES;
			};
			name = Release;
		};
		CEA3FBDF23F38A0E009F4B17 /* Debug */ = {
			isa = XCBuildConfiguration;
			buildSettings = {
				ASSETCATALOG_COMPILER_APPICON_NAME = AppIcon;
				CODE_SIGN_STYLE = Automatic;
				DEVELOPMENT_TEAM = EKHH36FV97;
				INFOPLIST_FILE = ShowImageSample/Info.plist;
				LD_RUNPATH_SEARCH_PATHS = (
					"$(inherited)",
					"@executable_path/Frameworks",
				);
				PRODUCT_BUNDLE_IDENTIFIER = training.swift.sample.ShowImageSample;
				PRODUCT_NAME = "$(TARGET_NAME)";
				SWIFT_VERSION = 5.0;
				TARGETED_DEVICE_FAMILY = "1,2";
			};
			name = Debug;
		};
		CEA3FBE023F38A0E009F4B17 /* Release */ = {
			isa = XCBuildConfiguration;
			buildSettings = {
				ASSETCATALOG_COMPILER_APPICON_NAME = AppIcon;
				CODE_SIGN_STYLE = Automatic;
				DEVELOPMENT_TEAM = EKHH36FV97;
				INFOPLIST_FILE = ShowImageSample/Info.plist;
				LD_RUNPATH_SEARCH_PATHS = (
					"$(inherited)",
					"@executable_path/Frameworks",
				);
				PRODUCT_BUNDLE_IDENTIFIER = training.swift.sample.ShowImageSample;
				PRODUCT_NAME = "$(TARGET_NAME)";
				SWIFT_VERSION = 5.0;
				TARGETED_DEVICE_FAMILY = "1,2";
			};
			name = Release;
		};
/* End XCBuildConfiguration section */

/* Begin XCConfigurationList section */
		CEA3FBC523F38A0D009F4B17 /* Build configuration list for PBXProject "ShowImageSample" */ = {
			isa = XCConfigurationList;
			buildConfigurations = (
				CEA3FBDC23F38A0E009F4B17 /* Debug */,
				CEA3FBDD23F38A0E009F4B17 /* Release */,
			);
			defaultConfigurationIsVisible = 0;
			defaultConfigurationName = Release;
		};
		CEA3FBDE23F38A0E009F4B17 /* Build configuration list for PBXNativeTarget "ShowImageSample" */ = {
			isa = XCConfigurationList;
			buildConfigurations = (
				CEA3FBDF23F38A0E009F4B17 /* Debug */,
				CEA3FBE023F38A0E009F4B17 /* Release */,
			);
			defaultConfigurationIsVisible = 0;
			defaultConfigurationName = Release;
		};
/* End XCConfigurationList section */
	};
	rootObject = CEA3FBC223F38A0D009F4B17 /* Project object */;
}
